// !$*UTF8*$!
{
	archiveVersion = 1;
	classes = {
	};
	objectVersion = 56;
	objects = {

/* Begin PBXBuildFile section */
		565464E3295E098D007B3B5D /* Alamofire in Frameworks */ = {isa = PBXBuildFile; productRef = 565464E2295E098D007B3B5D /* Alamofire */; };
		565464E6295E099C007B3B5D /* RxAlamofire in Frameworks */ = {isa = PBXBuildFile; productRef = 565464E5295E099C007B3B5D /* RxAlamofire */; };
		565464E9295E0A09007B3B5D /* RxBlocking in Frameworks */ = {isa = PBXBuildFile; productRef = 565464E8295E0A09007B3B5D /* RxBlocking */; };
		565464EB295E0A09007B3B5D /* RxCocoa in Frameworks */ = {isa = PBXBuildFile; productRef = 565464EA295E0A09007B3B5D /* RxCocoa */; };
		565464ED295E0A0A007B3B5D /* RxRelay in Frameworks */ = {isa = PBXBuildFile; productRef = 565464EC295E0A0A007B3B5D /* RxRelay */; };
		565464EF295E0A0A007B3B5D /* RxSwift in Frameworks */ = {isa = PBXBuildFile; productRef = 565464EE295E0A0A007B3B5D /* RxSwift */; };
		565464F1295E0A0A007B3B5D /* RxTest in Frameworks */ = {isa = PBXBuildFile; productRef = 565464F0295E0A0A007B3B5D /* RxTest */; };
		565464F4295E0A2B007B3B5D /* XCoordinator in Frameworks */ = {isa = PBXBuildFile; productRef = 565464F3295E0A2B007B3B5D /* XCoordinator */; };
		565464F6295E0A2B007B3B5D /* XCoordinatorRx in Frameworks */ = {isa = PBXBuildFile; productRef = 565464F5295E0A2B007B3B5D /* XCoordinatorRx */; };
		5659148E295DC5B100ECE275 /* AppDelegate.swift in Sources */ = {isa = PBXBuildFile; fileRef = 5659148D295DC5B100ECE275 /* AppDelegate.swift */; };
		56591492295DC5B100ECE275 /* ViewController.swift in Sources */ = {isa = PBXBuildFile; fileRef = 56591491295DC5B100ECE275 /* ViewController.swift */; };
		56591498295DC5B100ECE275 /* ActivityTip.xcdatamodeld in Sources */ = {isa = PBXBuildFile; fileRef = 56591496295DC5B100ECE275 /* ActivityTip.xcdatamodeld */; };
		5659149A295DC5B300ECE275 /* Assets.xcassets in Resources */ = {isa = PBXBuildFile; fileRef = 56591499295DC5B300ECE275 /* Assets.xcassets */; };
		5659149D295DC5B300ECE275 /* LaunchScreen.storyboard in Resources */ = {isa = PBXBuildFile; fileRef = 5659149B295DC5B300ECE275 /* LaunchScreen.storyboard */; };
/* End PBXBuildFile section */

/* Begin PBXFileReference section */
		5659148A295DC5B100ECE275 /* ActivityTip.app */ = {isa = PBXFileReference; explicitFileType = wrapper.application; includeInIndex = 0; path = ActivityTip.app; sourceTree = BUILT_PRODUCTS_DIR; };
		5659148D295DC5B100ECE275 /* AppDelegate.swift */ = {isa = PBXFileReference; lastKnownFileType = sourcecode.swift; path = AppDelegate.swift; sourceTree = "<group>"; };
		56591491295DC5B100ECE275 /* ViewController.swift */ = {isa = PBXFileReference; lastKnownFileType = sourcecode.swift; path = ViewController.swift; sourceTree = "<group>"; };
		56591497295DC5B100ECE275 /* ActivityTip.xcdatamodel */ = {isa = PBXFileReference; lastKnownFileType = wrapper.xcdatamodel; path = ActivityTip.xcdatamodel; sourceTree = "<group>"; };
		56591499295DC5B300ECE275 /* Assets.xcassets */ = {isa = PBXFileReference; lastKnownFileType = folder.assetcatalog; path = Assets.xcassets; sourceTree = "<group>"; };
		5659149C295DC5B300ECE275 /* Base */ = {isa = PBXFileReference; lastKnownFileType = file.storyboard; name = Base; path = Base.lproj/LaunchScreen.storyboard; sourceTree = "<group>"; };
		5659149E295DC5B300ECE275 /* Info.plist */ = {isa = PBXFileReference; lastKnownFileType = text.plist.xml; path = Info.plist; sourceTree = "<group>"; };
/* End PBXFileReference section */

/* Begin PBXFrameworksBuildPhase section */
		56591487295DC5B100ECE275 /* Frameworks */ = {
			isa = PBXFrameworksBuildPhase;
			buildActionMask = 2147483647;
			files = (
				565464F4295E0A2B007B3B5D /* XCoordinator in Frameworks */,
				565464F1295E0A0A007B3B5D /* RxTest in Frameworks */,
				565464F6295E0A2B007B3B5D /* XCoordinatorRx in Frameworks */,
				565464EF295E0A0A007B3B5D /* RxSwift in Frameworks */,
				565464ED295E0A0A007B3B5D /* RxRelay in Frameworks */,
				565464E3295E098D007B3B5D /* Alamofire in Frameworks */,
				565464E9295E0A09007B3B5D /* RxBlocking in Frameworks */,
				565464EB295E0A09007B3B5D /* RxCocoa in Frameworks */,
				565464E6295E099C007B3B5D /* RxAlamofire in Frameworks */,
			);
			runOnlyForDeploymentPostprocessing = 0;
		};
/* End PBXFrameworksBuildPhase section */

/* Begin PBXGroup section */
		565464DA295DCE40007B3B5D /* Application */ = {
			isa = PBXGroup;
			children = (
				5659148D295DC5B100ECE275 /* AppDelegate.swift */,
			);
			path = Application;
			sourceTree = "<group>";
		};
		565464DB295DCE47007B3B5D /* Infrastruture */ = {
			isa = PBXGroup;
			children = (
				56591496295DC5B100ECE275 /* ActivityTip.xcdatamodeld */,
			);
			name = Infrastruture;
			sourceTree = "<group>";
		};
		565464DC295DCE54007B3B5D /* Data */ = {
			isa = PBXGroup;
			children = (
			);
			path = Data;
			sourceTree = "<group>";
		};
		565464DD295DCE5E007B3B5D /* Domain */ = {
			isa = PBXGroup;
			children = (
			);
			path = Domain;
			sourceTree = "<group>";
		};
		565464DE295DCE64007B3B5D /* Presentation */ = {
			isa = PBXGroup;
			children = (
				56591491295DC5B100ECE275 /* ViewController.swift */,
			);
			path = Presentation;
			sourceTree = "<group>";
		};
		565464DF295DCE6C007B3B5D /* Resources */ = {
			isa = PBXGroup;
			children = (
				56591499295DC5B300ECE275 /* Assets.xcassets */,
			);
			path = Resources;
			sourceTree = "<group>";
		};
		565464E0295DCE80007B3B5D /* Supporting Files */ = {
			isa = PBXGroup;
			children = (
				5659149B295DC5B300ECE275 /* LaunchScreen.storyboard */,
				5659149E295DC5B300ECE275 /* Info.plist */,
			);
			path = "Supporting Files";
			sourceTree = "<group>";
		};
		56591481295DC5B100ECE275 = {
			isa = PBXGroup;
			children = (
				5659148C295DC5B100ECE275 /* ActivityTip */,
				5659148B295DC5B100ECE275 /* Products */,
			);
			sourceTree = "<group>";
		};
		5659148B295DC5B100ECE275 /* Products */ = {
			isa = PBXGroup;
			children = (
				5659148A295DC5B100ECE275 /* ActivityTip.app */,
			);
			name = Products;
			sourceTree = "<group>";
		};
		5659148C295DC5B100ECE275 /* ActivityTip */ = {
			isa = PBXGroup;
			children = (
				565464DA295DCE40007B3B5D /* Application */,
				565464DB295DCE47007B3B5D /* Infrastruture */,
				565464DC295DCE54007B3B5D /* Data */,
				565464DD295DCE5E007B3B5D /* Domain */,
				565464DE295DCE64007B3B5D /* Presentation */,
				565464DF295DCE6C007B3B5D /* Resources */,
				565464E0295DCE80007B3B5D /* Supporting Files */,
			);
			path = ActivityTip;
			sourceTree = "<group>";
		};
/* End PBXGroup section */

/* Begin PBXNativeTarget section */
		56591489295DC5B100ECE275 /* ActivityTip */ = {
			isa = PBXNativeTarget;
			buildConfigurationList = 565914A1295DC5B300ECE275 /* Build configuration list for PBXNativeTarget "ActivityTip" */;
			buildPhases = (
				56591486295DC5B100ECE275 /* Sources */,
				56591487295DC5B100ECE275 /* Frameworks */,
				56591488295DC5B100ECE275 /* Resources */,
			);
			buildRules = (
			);
			dependencies = (
			);
			name = ActivityTip;
			packageProductDependencies = (
				565464E2295E098D007B3B5D /* Alamofire */,
				565464E5295E099C007B3B5D /* RxAlamofire */,
				565464E8295E0A09007B3B5D /* RxBlocking */,
				565464EA295E0A09007B3B5D /* RxCocoa */,
				565464EC295E0A0A007B3B5D /* RxRelay */,
				565464EE295E0A0A007B3B5D /* RxSwift */,
				565464F0295E0A0A007B3B5D /* RxTest */,
				565464F3295E0A2B007B3B5D /* XCoordinator */,
				565464F5295E0A2B007B3B5D /* XCoordinatorRx */,
			);
			productName = ActivityTip;
			productReference = 5659148A295DC5B100ECE275 /* ActivityTip.app */;
			productType = "com.apple.product-type.application";
		};
/* End PBXNativeTarget section */

/* Begin PBXProject section */
		56591482295DC5B100ECE275 /* Project object */ = {
			isa = PBXProject;
			attributes = {
				BuildIndependentTargetsInParallel = 1;
				LastSwiftUpdateCheck = 1420;
				LastUpgradeCheck = 1420;
				TargetAttributes = {
					56591489295DC5B100ECE275 = {
						CreatedOnToolsVersion = 14.2;
					};
				};
			};
			buildConfigurationList = 56591485295DC5B100ECE275 /* Build configuration list for PBXProject "ActivityTip" */;
			compatibilityVersion = "Xcode 14.0";
			developmentRegion = en;
			hasScannedForEncodings = 0;
			knownRegions = (
				en,
				Base,
			);
			mainGroup = 56591481295DC5B100ECE275;
			packageReferences = (
				565464E1295E098D007B3B5D /* XCRemoteSwiftPackageReference "Alamofire" */,
				565464E4295E099C007B3B5D /* XCRemoteSwiftPackageReference "RxAlamofire" */,
				565464E7295E0A09007B3B5D /* XCRemoteSwiftPackageReference "RxSwift" */,
				565464F2295E0A2B007B3B5D /* XCRemoteSwiftPackageReference "XCoordinator" */,
			);
			productRefGroup = 5659148B295DC5B100ECE275 /* Products */;
			projectDirPath = "";
			projectRoot = "";
			targets = (
				56591489295DC5B100ECE275 /* ActivityTip */,
			);
		};
/* End PBXProject section */

/* Begin PBXResourcesBuildPhase section */
		56591488295DC5B100ECE275 /* Resources */ = {
			isa = PBXResourcesBuildPhase;
			buildActionMask = 2147483647;
			files = (
				5659149D295DC5B300ECE275 /* LaunchScreen.storyboard in Resources */,
				5659149A295DC5B300ECE275 /* Assets.xcassets in Resources */,
			);
			runOnlyForDeploymentPostprocessing = 0;
		};
/* End PBXResourcesBuildPhase section */

/* Begin PBXSourcesBuildPhase section */
		56591486295DC5B100ECE275 /* Sources */ = {
			isa = PBXSourcesBuildPhase;
			buildActionMask = 2147483647;
			files = (
				56591492295DC5B100ECE275 /* ViewController.swift in Sources */,
				5659148E295DC5B100ECE275 /* AppDelegate.swift in Sources */,
				56591498295DC5B100ECE275 /* ActivityTip.xcdatamodeld in Sources */,
			);
			runOnlyForDeploymentPostprocessing = 0;
		};
/* End PBXSourcesBuildPhase section */

/* Begin PBXVariantGroup section */
		5659149B295DC5B300ECE275 /* LaunchScreen.storyboard */ = {
			isa = PBXVariantGroup;
			children = (
				5659149C295DC5B300ECE275 /* Base */,
			);
			name = LaunchScreen.storyboard;
			sourceTree = "<group>";
		};
/* End PBXVariantGroup section */

/* Begin XCBuildConfiguration section */
		5659149F295DC5B300ECE275 /* Debug */ = {
			isa = XCBuildConfiguration;
			buildSettings = {
				ALWAYS_SEARCH_USER_PATHS = NO;
				CLANG_ANALYZER_NONNULL = YES;
				CLANG_ANALYZER_NUMBER_OBJECT_CONVERSION = YES_AGGRESSIVE;
				CLANG_CXX_LANGUAGE_STANDARD = "gnu++20";
				CLANG_ENABLE_MODULES = YES;
				CLANG_ENABLE_OBJC_ARC = YES;
				CLANG_ENABLE_OBJC_WEAK = YES;
				CLANG_WARN_BLOCK_CAPTURE_AUTORELEASING = YES;
				CLANG_WARN_BOOL_CONVERSION = YES;
				CLANG_WARN_COMMA = YES;
				CLANG_WARN_CONSTANT_CONVERSION = YES;
				CLANG_WARN_DEPRECATED_OBJC_IMPLEMENTATIONS = YES;
				CLANG_WARN_DIRECT_OBJC_ISA_USAGE = YES_ERROR;
				CLANG_WARN_DOCUMENTATION_COMMENTS = YES;
				CLANG_WARN_EMPTY_BODY = YES;
				CLANG_WARN_ENUM_CONVERSION = YES;
				CLANG_WARN_INFINITE_RECURSION = YES;
				CLANG_WARN_INT_CONVERSION = YES;
				CLANG_WARN_NON_LITERAL_NULL_CONVERSION = YES;
				CLANG_WARN_OBJC_IMPLICIT_RETAIN_SELF = YES;
				CLANG_WARN_OBJC_LITERAL_CONVERSION = YES;
				CLANG_WARN_OBJC_ROOT_CLASS = YES_ERROR;
				CLANG_WARN_QUOTED_INCLUDE_IN_FRAMEWORK_HEADER = YES;
				CLANG_WARN_RANGE_LOOP_ANALYSIS = YES;
				CLANG_WARN_STRICT_PROTOTYPES = YES;
				CLANG_WARN_SUSPICIOUS_MOVE = YES;
				CLANG_WARN_UNGUARDED_AVAILABILITY = YES_AGGRESSIVE;
				CLANG_WARN_UNREACHABLE_CODE = YES;
				CLANG_WARN__DUPLICATE_METHOD_MATCH = YES;
				COPY_PHASE_STRIP = NO;
				DEBUG_INFORMATION_FORMAT = dwarf;
				ENABLE_STRICT_OBJC_MSGSEND = YES;
				ENABLE_TESTABILITY = YES;
				GCC_C_LANGUAGE_STANDARD = gnu11;
				GCC_DYNAMIC_NO_PIC = NO;
				GCC_NO_COMMON_BLOCKS = YES;
				GCC_OPTIMIZATION_LEVEL = 0;
				GCC_PREPROCESSOR_DEFINITIONS = (
					"DEBUG=1",
					"$(inherited)",
				);
				GCC_WARN_64_TO_32_BIT_CONVERSION = YES;
				GCC_WARN_ABOUT_RETURN_TYPE = YES_ERROR;
				GCC_WARN_UNDECLARED_SELECTOR = YES;
				GCC_WARN_UNINITIALIZED_AUTOS = YES_AGGRESSIVE;
				GCC_WARN_UNUSED_FUNCTION = YES;
				GCC_WARN_UNUSED_VARIABLE = YES;
				IPHONEOS_DEPLOYMENT_TARGET = 16.2;
				MTL_ENABLE_DEBUG_INFO = INCLUDE_SOURCE;
				MTL_FAST_MATH = YES;
				ONLY_ACTIVE_ARCH = YES;
				SDKROOT = iphoneos;
				SWIFT_ACTIVE_COMPILATION_CONDITIONS = DEBUG;
				SWIFT_OPTIMIZATION_LEVEL = "-Onone";
			};
			name = Debug;
		};
		565914A0295DC5B300ECE275 /* Release */ = {
			isa = XCBuildConfiguration;
			buildSettings = {
				ALWAYS_SEARCH_USER_PATHS = NO;
				CLANG_ANALYZER_NONNULL = YES;
				CLANG_ANALYZER_NUMBER_OBJECT_CONVERSION = YES_AGGRESSIVE;
				CLANG_CXX_LANGUAGE_STANDARD = "gnu++20";
				CLANG_ENABLE_MODULES = YES;
				CLANG_ENABLE_OBJC_ARC = YES;
				CLANG_ENABLE_OBJC_WEAK = YES;
				CLANG_WARN_BLOCK_CAPTURE_AUTORELEASING = YES;
				CLANG_WARN_BOOL_CONVERSION = YES;
				CLANG_WARN_COMMA = YES;
				CLANG_WARN_CONSTANT_CONVERSION = YES;
				CLANG_WARN_DEPRECATED_OBJC_IMPLEMENTATIONS = YES;
				CLANG_WARN_DIRECT_OBJC_ISA_USAGE = YES_ERROR;
				CLANG_WARN_DOCUMENTATION_COMMENTS = YES;
				CLANG_WARN_EMPTY_BODY = YES;
				CLANG_WARN_ENUM_CONVERSION = YES;
				CLANG_WARN_INFINITE_RECURSION = YES;
				CLANG_WARN_INT_CONVERSION = YES;
				CLANG_WARN_NON_LITERAL_NULL_CONVERSION = YES;
				CLANG_WARN_OBJC_IMPLICIT_RETAIN_SELF = YES;
				CLANG_WARN_OBJC_LITERAL_CONVERSION = YES;
				CLANG_WARN_OBJC_ROOT_CLASS = YES_ERROR;
				CLANG_WARN_QUOTED_INCLUDE_IN_FRAMEWORK_HEADER = YES;
				CLANG_WARN_RANGE_LOOP_ANALYSIS = YES;
				CLANG_WARN_STRICT_PROTOTYPES = YES;
				CLANG_WARN_SUSPICIOUS_MOVE = YES;
				CLANG_WARN_UNGUARDED_AVAILABILITY = YES_AGGRESSIVE;
				CLANG_WARN_UNREACHABLE_CODE = YES;
				CLANG_WARN__DUPLICATE_METHOD_MATCH = YES;
				COPY_PHASE_STRIP = NO;
				DEBUG_INFORMATION_FORMAT = "dwarf-with-dsym";
				ENABLE_NS_ASSERTIONS = NO;
				ENABLE_STRICT_OBJC_MSGSEND = YES;
				GCC_C_LANGUAGE_STANDARD = gnu11;
				GCC_NO_COMMON_BLOCKS = YES;
				GCC_WARN_64_TO_32_BIT_CONVERSION = YES;
				GCC_WARN_ABOUT_RETURN_TYPE = YES_ERROR;
				GCC_WARN_UNDECLARED_SELECTOR = YES;
				GCC_WARN_UNINITIALIZED_AUTOS = YES_AGGRESSIVE;
				GCC_WARN_UNUSED_FUNCTION = YES;
				GCC_WARN_UNUSED_VARIABLE = YES;
				IPHONEOS_DEPLOYMENT_TARGET = 16.2;
				MTL_ENABLE_DEBUG_INFO = NO;
				MTL_FAST_MATH = YES;
				SDKROOT = iphoneos;
				SWIFT_COMPILATION_MODE = wholemodule;
				SWIFT_OPTIMIZATION_LEVEL = "-O";
				VALIDATE_PRODUCT = YES;
			};
			name = Release;
		};
		565914A2295DC5B300ECE275 /* Debug */ = {
			isa = XCBuildConfiguration;
			buildSettings = {
				ASSETCATALOG_COMPILER_APPICON_NAME = AppIcon;
				ASSETCATALOG_COMPILER_GLOBAL_ACCENT_COLOR_NAME = AccentColor;
				CODE_SIGN_STYLE = Automatic;
				CURRENT_PROJECT_VERSION = 1;
				DEVELOPMENT_TEAM = K992HP865M;
				GENERATE_INFOPLIST_FILE = YES;
				INFOPLIST_FILE = "ActivityTip/Supporting Files/Info.plist";
				INFOPLIST_KEY_UIApplicationSupportsIndirectInputEvents = YES;
				INFOPLIST_KEY_UILaunchStoryboardName = LaunchScreen;
				INFOPLIST_KEY_UIMainStoryboardFile = "";
				INFOPLIST_KEY_UISupportedInterfaceOrientations_iPad = "UIInterfaceOrientationPortrait UIInterfaceOrientationPortraitUpsideDown UIInterfaceOrientationLandscapeLeft UIInterfaceOrientationLandscapeRight";
				INFOPLIST_KEY_UISupportedInterfaceOrientations_iPhone = "UIInterfaceOrientationPortrait UIInterfaceOrientationLandscapeLeft UIInterfaceOrientationLandscapeRight";
				LD_RUNPATH_SEARCH_PATHS = (
					"$(inherited)",
					"@executable_path/Frameworks",
				);
				MARKETING_VERSION = 1.0;
				PRODUCT_BUNDLE_IDENTIFIER = com.ruyther.ActivityTip;
				PRODUCT_NAME = "$(TARGET_NAME)";
				SWIFT_EMIT_LOC_STRINGS = YES;
				SWIFT_VERSION = 5.0;
				TARGETED_DEVICE_FAMILY = "1,2";
			};
			name = Debug;
		};
		565914A3295DC5B300ECE275 /* Release */ = {
			isa = XCBuildConfiguration;
			buildSettings = {
				ASSETCATALOG_COMPILER_APPICON_NAME = AppIcon;
				ASSETCATALOG_COMPILER_GLOBAL_ACCENT_COLOR_NAME = AccentColor;
				CODE_SIGN_STYLE = Automatic;
				CURRENT_PROJECT_VERSION = 1;
				DEVELOPMENT_TEAM = K992HP865M;
				GENERATE_INFOPLIST_FILE = YES;
				INFOPLIST_FILE = "ActivityTip/Supporting Files/Info.plist";
				INFOPLIST_KEY_UIApplicationSupportsIndirectInputEvents = YES;
				INFOPLIST_KEY_UILaunchStoryboardName = LaunchScreen;
				INFOPLIST_KEY_UIMainStoryboardFile = "";
				INFOPLIST_KEY_UISupportedInterfaceOrientations_iPad = "UIInterfaceOrientationPortrait UIInterfaceOrientationPortraitUpsideDown UIInterfaceOrientationLandscapeLeft UIInterfaceOrientationLandscapeRight";
				INFOPLIST_KEY_UISupportedInterfaceOrientations_iPhone = "UIInterfaceOrientationPortrait UIInterfaceOrientationLandscapeLeft UIInterfaceOrientationLandscapeRight";
				LD_RUNPATH_SEARCH_PATHS = (
					"$(inherited)",
					"@executable_path/Frameworks",
				);
				MARKETING_VERSION = 1.0;
				PRODUCT_BUNDLE_IDENTIFIER = com.ruyther.ActivityTip;
				PRODUCT_NAME = "$(TARGET_NAME)";
				SWIFT_EMIT_LOC_STRINGS = YES;
				SWIFT_VERSION = 5.0;
				TARGETED_DEVICE_FAMILY = "1,2";
			};
			name = Release;
		};
/* End XCBuildConfiguration section */

/* Begin XCConfigurationList section */
		56591485295DC5B100ECE275 /* Build configuration list for PBXProject "ActivityTip" */ = {
			isa = XCConfigurationList;
			buildConfigurations = (
				5659149F295DC5B300ECE275 /* Debug */,
				565914A0295DC5B300ECE275 /* Release */,
			);
			defaultConfigurationIsVisible = 0;
			defaultConfigurationName = Release;
		};
		565914A1295DC5B300ECE275 /* Build configuration list for PBXNativeTarget "ActivityTip" */ = {
			isa = XCConfigurationList;
			buildConfigurations = (
				565914A2295DC5B300ECE275 /* Debug */,
				565914A3295DC5B300ECE275 /* Release */,
			);
			defaultConfigurationIsVisible = 0;
			defaultConfigurationName = Release;
		};
/* End XCConfigurationList section */

/* Begin XCRemoteSwiftPackageReference section */
		565464E1295E098D007B3B5D /* XCRemoteSwiftPackageReference "Alamofire" */ = {
			isa = XCRemoteSwiftPackageReference;
			repositoryURL = "https://github.com/Alamofire/Alamofire.git";
			requirement = {
				branch = master;
				kind = branch;
			};
		};
		565464E4295E099C007B3B5D /* XCRemoteSwiftPackageReference "RxAlamofire" */ = {
			isa = XCRemoteSwiftPackageReference;
			repositoryURL = "https://github.com/RxSwiftCommunity/RxAlamofire.git";
			requirement = {
				branch = main;
				kind = branch;
			};
		};
		565464E7295E0A09007B3B5D /* XCRemoteSwiftPackageReference "RxSwift" */ = {
			isa = XCRemoteSwiftPackageReference;
			repositoryURL = "https://github.com/ReactiveX/RxSwift";
			requirement = {
				branch = main;
				kind = branch;
			};
		};
		565464F2295E0A2B007B3B5D /* XCRemoteSwiftPackageReference "XCoordinator" */ = {
			isa = XCRemoteSwiftPackageReference;
			repositoryURL = "https://github.com/quickbirdstudios/XCoordinator.git";
			requirement = {
				branch = master;
				kind = branch;
			};
		};
/* End XCRemoteSwiftPackageReference section */

/* Begin XCSwiftPackageProductDependency section */
		565464E2295E098D007B3B5D /* Alamofire */ = {
			isa = XCSwiftPackageProductDependency;
			package = 565464E1295E098D007B3B5D /* XCRemoteSwiftPackageReference "Alamofire" */;
			productName = Alamofire;
		};
		565464E5295E099C007B3B5D /* RxAlamofire */ = {
			isa = XCSwiftPackageProductDependency;
			package = 565464E4295E099C007B3B5D /* XCRemoteSwiftPackageReference "RxAlamofire" */;
			productName = RxAlamofire;
		};
		565464E8295E0A09007B3B5D /* RxBlocking */ = {
			isa = XCSwiftPackageProductDependency;
			package = 565464E7295E0A09007B3B5D /* XCRemoteSwiftPackageReference "RxSwift" */;
			productName = RxBlocking;
		};
		565464EA295E0A09007B3B5D /* RxCocoa */ = {
			isa = XCSwiftPackageProductDependency;
			package = 565464E7295E0A09007B3B5D /* XCRemoteSwiftPackageReference "RxSwift" */;
			productName = RxCocoa;
		};
		565464EC295E0A0A007B3B5D /* RxRelay */ = {
			isa = XCSwiftPackageProductDependency;
			package = 565464E7295E0A09007B3B5D /* XCRemoteSwiftPackageReference "RxSwift" */;
			productName = RxRelay;
		};
		565464EE295E0A0A007B3B5D /* RxSwift */ = {
			isa = XCSwiftPackageProductDependency;
			package = 565464E7295E0A09007B3B5D /* XCRemoteSwiftPackageReference "RxSwift" */;
			productName = RxSwift;
		};
		565464F0295E0A0A007B3B5D /* RxTest */ = {
			isa = XCSwiftPackageProductDependency;
			package = 565464E7295E0A09007B3B5D /* XCRemoteSwiftPackageReference "RxSwift" */;
			productName = RxTest;
		};
		565464F3295E0A2B007B3B5D /* XCoordinator */ = {
			isa = XCSwiftPackageProductDependency;
			package = 565464F2295E0A2B007B3B5D /* XCRemoteSwiftPackageReference "XCoordinator" */;
			productName = XCoordinator;
		};
		565464F5295E0A2B007B3B5D /* XCoordinatorRx */ = {
			isa = XCSwiftPackageProductDependency;
			package = 565464F2295E0A2B007B3B5D /* XCRemoteSwiftPackageReference "XCoordinator" */;
			productName = XCoordinatorRx;
		};
/* End XCSwiftPackageProductDependency section */

/* Begin XCVersionGroup section */
		56591496295DC5B100ECE275 /* ActivityTip.xcdatamodeld */ = {
			isa = XCVersionGroup;
			children = (
				56591497295DC5B100ECE275 /* ActivityTip.xcdatamodel */,
			);
			currentVersion = 56591497295DC5B100ECE275 /* ActivityTip.xcdatamodel */;
			path = ActivityTip.xcdatamodeld;
			sourceTree = "<group>";
			versionGroupType = wrapper.xcdatamodel;
		};
/* End XCVersionGroup section */
	};
	rootObject = 56591482295DC5B100ECE275 /* Project object */;
}
