// !$*UTF8*$!
{
	archiveVersion = 1;
	classes = {
	};
	objectVersion = 56;
	objects = {

/* Begin PBXBuildFile section */
		565464E3295E098D007B3B5D /* Alamofire in Frameworks */ = {isa = PBXBuildFile; productRef = 565464E2295E098D007B3B5D /* Alamofire */; };
		565464E6295E099C007B3B5D /* RxAlamofire in Frameworks */ = {isa = PBXBuildFile; productRef = 565464E5295E099C007B3B5D /* RxAlamofire */; };
		565464F4295E0A2B007B3B5D /* XCoordinator in Frameworks */ = {isa = PBXBuildFile; productRef = 565464F3295E0A2B007B3B5D /* XCoordinator */; };
		565464F6295E0A2B007B3B5D /* XCoordinatorRx in Frameworks */ = {isa = PBXBuildFile; productRef = 565464F5295E0A2B007B3B5D /* XCoordinatorRx */; };
		565464FB295E0D2C007B3B5D /* ServiceAPICall.swift in Sources */ = {isa = PBXBuildFile; fileRef = 565464FA295E0D2C007B3B5D /* ServiceAPICall.swift */; };
		565464FD295E1092007B3B5D /* APIRequest.swift in Sources */ = {isa = PBXBuildFile; fileRef = 565464FC295E1092007B3B5D /* APIRequest.swift */; };
		56546500295E1156007B3B5D /* Encodable+Misc.swift in Sources */ = {isa = PBXBuildFile; fileRef = 565464FF295E1156007B3B5D /* Encodable+Misc.swift */; };
		56546503295E2864007B3B5D /* RxBlocking in Frameworks */ = {isa = PBXBuildFile; productRef = 56546502295E2864007B3B5D /* RxBlocking */; };
		56546505295E2864007B3B5D /* RxCocoa in Frameworks */ = {isa = PBXBuildFile; productRef = 56546504295E2864007B3B5D /* RxCocoa */; };
		56546507295E2864007B3B5D /* RxRelay in Frameworks */ = {isa = PBXBuildFile; productRef = 56546506295E2864007B3B5D /* RxRelay */; };
		56546509295E2864007B3B5D /* RxSwift in Frameworks */ = {isa = PBXBuildFile; productRef = 56546508295E2864007B3B5D /* RxSwift */; };
		5654650B295E4363007B3B5D /* ActivityAPIService.swift in Sources */ = {isa = PBXBuildFile; fileRef = 5654650A295E4363007B3B5D /* ActivityAPIService.swift */; };
		5654650E295E4451007B3B5D /* ActivityResponse.swift in Sources */ = {isa = PBXBuildFile; fileRef = 5654650D295E4451007B3B5D /* ActivityResponse.swift */; };
		56546512295E4779007B3B5D /* ActivityListingRepository.swift in Sources */ = {isa = PBXBuildFile; fileRef = 56546511295E4779007B3B5D /* ActivityListingRepository.swift */; };
		56546516295E489A007B3B5D /* ActivityListingUseCase.swift in Sources */ = {isa = PBXBuildFile; fileRef = 56546515295E489A007B3B5D /* ActivityListingUseCase.swift */; };
		56546522295E49CA007B3B5D /* AppCoordinator.swift in Sources */ = {isa = PBXBuildFile; fileRef = 56546521295E49CA007B3B5D /* AppCoordinator.swift */; };
		56546524295E49DD007B3B5D /* ActivityListingCoordinator.swift in Sources */ = {isa = PBXBuildFile; fileRef = 56546523295E49DD007B3B5D /* ActivityListingCoordinator.swift */; };
		56546528295E49F9007B3B5D /* ActivityListingViewController.swift in Sources */ = {isa = PBXBuildFile; fileRef = 56546527295E49F9007B3B5D /* ActivityListingViewController.swift */; };
		5654652C295E6AE9007B3B5D /* Rx+Misc.swift in Sources */ = {isa = PBXBuildFile; fileRef = 5654652B295E6AE9007B3B5D /* Rx+Misc.swift */; };
		5654652F295E6DB5007B3B5D /* ActivityEntity.swift in Sources */ = {isa = PBXBuildFile; fileRef = 5654652E295E6DB5007B3B5D /* ActivityEntity.swift */; };
		56546531295E71FE007B3B5D /* ErrorResponse.swift in Sources */ = {isa = PBXBuildFile; fileRef = 56546530295E71FE007B3B5D /* ErrorResponse.swift */; };
		56546534295E7725007B3B5D /* NetworkError.swift in Sources */ = {isa = PBXBuildFile; fileRef = 56546533295E7725007B3B5D /* NetworkError.swift */; };
		56546536295EFDE0007B3B5D /* ViewCode.swift in Sources */ = {isa = PBXBuildFile; fileRef = 56546535295EFDE0007B3B5D /* ViewCode.swift */; };
		56546538295F0030007B3B5D /* Apply.swift in Sources */ = {isa = PBXBuildFile; fileRef = 56546537295F0030007B3B5D /* Apply.swift */; };
		5654653A295F0360007B3B5D /* ActivityView.swift in Sources */ = {isa = PBXBuildFile; fileRef = 56546539295F0360007B3B5D /* ActivityView.swift */; };
		5654653C295F03C8007B3B5D /* Configurable.swift in Sources */ = {isa = PBXBuildFile; fileRef = 5654653B295F03C8007B3B5D /* Configurable.swift */; };
		5654653E295F0575007B3B5D /* ActivityInfoEntity.swift in Sources */ = {isa = PBXBuildFile; fileRef = 5654653D295F0575007B3B5D /* ActivityInfoEntity.swift */; };
		56546540295F0EE3007B3B5D /* UIView+Misc.swift in Sources */ = {isa = PBXBuildFile; fileRef = 5654653F295F0EE3007B3B5D /* UIView+Misc.swift */; };
		56546541295F294C007B3B5D /* ActivityListingViewModel.swift in Sources */ = {isa = PBXBuildFile; fileRef = 56546525295E49EC007B3B5D /* ActivityListingViewModel.swift */; };
		56546549295F3A32007B3B5D /* ActivityDetailViewModel.swift in Sources */ = {isa = PBXBuildFile; fileRef = 56546548295F3A32007B3B5D /* ActivityDetailViewModel.swift */; };
		5654654B295F3A41007B3B5D /* ActivityDetailViewController.swift in Sources */ = {isa = PBXBuildFile; fileRef = 5654654A295F3A41007B3B5D /* ActivityDetailViewController.swift */; };
		5654654D295F6874007B3B5D /* ActivityStatusEntity.swift in Sources */ = {isa = PBXBuildFile; fileRef = 5654654C295F6874007B3B5D /* ActivityStatusEntity.swift */; };
		56546551295F72C7007B3B5D /* ActivityDetailRepository.swift in Sources */ = {isa = PBXBuildFile; fileRef = 56546550295F72C7007B3B5D /* ActivityDetailRepository.swift */; };
		56546553295F72DA007B3B5D /* CoreDataAPIService.swift in Sources */ = {isa = PBXBuildFile; fileRef = 56546552295F72DA007B3B5D /* CoreDataAPIService.swift */; };
		56546555295F83B7007B3B5D /* ActivityDetailUseCase.swift in Sources */ = {isa = PBXBuildFile; fileRef = 56546554295F83B7007B3B5D /* ActivityDetailUseCase.swift */; };
		5659148E295DC5B100ECE275 /* AppDelegate.swift in Sources */ = {isa = PBXBuildFile; fileRef = 5659148D295DC5B100ECE275 /* AppDelegate.swift */; };
		56591498295DC5B100ECE275 /* ActivityTip.xcdatamodeld in Sources */ = {isa = PBXBuildFile; fileRef = 56591496295DC5B100ECE275 /* ActivityTip.xcdatamodeld */; };
		5659149A295DC5B300ECE275 /* Assets.xcassets in Resources */ = {isa = PBXBuildFile; fileRef = 56591499295DC5B300ECE275 /* Assets.xcassets */; };
		5659149D295DC5B300ECE275 /* LaunchScreen.storyboard in Resources */ = {isa = PBXBuildFile; fileRef = 5659149B295DC5B300ECE275 /* LaunchScreen.storyboard */; };
/* End PBXBuildFile section */

/* Begin PBXFileReference section */
		565464FA295E0D2C007B3B5D /* ServiceAPICall.swift */ = {isa = PBXFileReference; lastKnownFileType = sourcecode.swift; path = ServiceAPICall.swift; sourceTree = "<group>"; };
		565464FC295E1092007B3B5D /* APIRequest.swift */ = {isa = PBXFileReference; lastKnownFileType = sourcecode.swift; path = APIRequest.swift; sourceTree = "<group>"; };
		565464FF295E1156007B3B5D /* Encodable+Misc.swift */ = {isa = PBXFileReference; lastKnownFileType = sourcecode.swift; path = "Encodable+Misc.swift"; sourceTree = "<group>"; };
		5654650A295E4363007B3B5D /* ActivityAPIService.swift */ = {isa = PBXFileReference; lastKnownFileType = sourcecode.swift; path = ActivityAPIService.swift; sourceTree = "<group>"; };
		5654650D295E4451007B3B5D /* ActivityResponse.swift */ = {isa = PBXFileReference; lastKnownFileType = sourcecode.swift; path = ActivityResponse.swift; sourceTree = "<group>"; };
		56546511295E4779007B3B5D /* ActivityListingRepository.swift */ = {isa = PBXFileReference; lastKnownFileType = sourcecode.swift; path = ActivityListingRepository.swift; sourceTree = "<group>"; };
		56546515295E489A007B3B5D /* ActivityListingUseCase.swift */ = {isa = PBXFileReference; lastKnownFileType = sourcecode.swift; path = ActivityListingUseCase.swift; sourceTree = "<group>"; };
		56546521295E49CA007B3B5D /* AppCoordinator.swift */ = {isa = PBXFileReference; lastKnownFileType = sourcecode.swift; path = AppCoordinator.swift; sourceTree = "<group>"; };
		56546523295E49DD007B3B5D /* ActivityListingCoordinator.swift */ = {isa = PBXFileReference; lastKnownFileType = sourcecode.swift; path = ActivityListingCoordinator.swift; sourceTree = "<group>"; };
		56546525295E49EC007B3B5D /* ActivityListingViewModel.swift */ = {isa = PBXFileReference; lastKnownFileType = sourcecode.swift; path = ActivityListingViewModel.swift; sourceTree = "<group>"; };
		56546527295E49F9007B3B5D /* ActivityListingViewController.swift */ = {isa = PBXFileReference; lastKnownFileType = sourcecode.swift; path = ActivityListingViewController.swift; sourceTree = "<group>"; };
		5654652B295E6AE9007B3B5D /* Rx+Misc.swift */ = {isa = PBXFileReference; lastKnownFileType = sourcecode.swift; path = "Rx+Misc.swift"; sourceTree = "<group>"; };
		5654652E295E6DB5007B3B5D /* ActivityEntity.swift */ = {isa = PBXFileReference; lastKnownFileType = sourcecode.swift; path = ActivityEntity.swift; sourceTree = "<group>"; };
		56546530295E71FE007B3B5D /* ErrorResponse.swift */ = {isa = PBXFileReference; lastKnownFileType = sourcecode.swift; path = ErrorResponse.swift; sourceTree = "<group>"; };
		56546533295E7725007B3B5D /* NetworkError.swift */ = {isa = PBXFileReference; lastKnownFileType = sourcecode.swift; path = NetworkError.swift; sourceTree = "<group>"; };
		56546535295EFDE0007B3B5D /* ViewCode.swift */ = {isa = PBXFileReference; lastKnownFileType = sourcecode.swift; path = ViewCode.swift; sourceTree = "<group>"; };
		56546537295F0030007B3B5D /* Apply.swift */ = {isa = PBXFileReference; lastKnownFileType = sourcecode.swift; path = Apply.swift; sourceTree = "<group>"; };
		56546539295F0360007B3B5D /* ActivityView.swift */ = {isa = PBXFileReference; lastKnownFileType = sourcecode.swift; path = ActivityView.swift; sourceTree = "<group>"; };
		5654653B295F03C8007B3B5D /* Configurable.swift */ = {isa = PBXFileReference; lastKnownFileType = sourcecode.swift; path = Configurable.swift; sourceTree = "<group>"; };
		5654653D295F0575007B3B5D /* ActivityInfoEntity.swift */ = {isa = PBXFileReference; lastKnownFileType = sourcecode.swift; path = ActivityInfoEntity.swift; sourceTree = "<group>"; };
		5654653F295F0EE3007B3B5D /* UIView+Misc.swift */ = {isa = PBXFileReference; lastKnownFileType = sourcecode.swift; path = "UIView+Misc.swift"; sourceTree = "<group>"; };
		56546548295F3A32007B3B5D /* ActivityDetailViewModel.swift */ = {isa = PBXFileReference; lastKnownFileType = sourcecode.swift; path = ActivityDetailViewModel.swift; sourceTree = "<group>"; };
		5654654A295F3A41007B3B5D /* ActivityDetailViewController.swift */ = {isa = PBXFileReference; lastKnownFileType = sourcecode.swift; path = ActivityDetailViewController.swift; sourceTree = "<group>"; };
		5654654C295F6874007B3B5D /* ActivityStatusEntity.swift */ = {isa = PBXFileReference; lastKnownFileType = sourcecode.swift; path = ActivityStatusEntity.swift; sourceTree = "<group>"; };
		56546550295F72C7007B3B5D /* ActivityDetailRepository.swift */ = {isa = PBXFileReference; lastKnownFileType = sourcecode.swift; path = ActivityDetailRepository.swift; sourceTree = "<group>"; };
		56546552295F72DA007B3B5D /* CoreDataAPIService.swift */ = {isa = PBXFileReference; lastKnownFileType = sourcecode.swift; path = CoreDataAPIService.swift; sourceTree = "<group>"; };
		56546554295F83B7007B3B5D /* ActivityDetailUseCase.swift */ = {isa = PBXFileReference; lastKnownFileType = sourcecode.swift; path = ActivityDetailUseCase.swift; sourceTree = "<group>"; };
		5659148A295DC5B100ECE275 /* ActivityTip.app */ = {isa = PBXFileReference; explicitFileType = wrapper.application; includeInIndex = 0; path = ActivityTip.app; sourceTree = BUILT_PRODUCTS_DIR; };
		5659148D295DC5B100ECE275 /* AppDelegate.swift */ = {isa = PBXFileReference; lastKnownFileType = sourcecode.swift; path = AppDelegate.swift; sourceTree = "<group>"; };
		56591497295DC5B100ECE275 /* ActivityTip.xcdatamodel */ = {isa = PBXFileReference; lastKnownFileType = wrapper.xcdatamodel; path = ActivityTip.xcdatamodel; sourceTree = "<group>"; };
		56591499295DC5B300ECE275 /* Assets.xcassets */ = {isa = PBXFileReference; lastKnownFileType = folder.assetcatalog; path = Assets.xcassets; sourceTree = "<group>"; };
		5659149C295DC5B300ECE275 /* Base */ = {isa = PBXFileReference; lastKnownFileType = file.storyboard; name = Base; path = Base.lproj/LaunchScreen.storyboard; sourceTree = "<group>"; };
		5659149E295DC5B300ECE275 /* Info.plist */ = {isa = PBXFileReference; lastKnownFileType = text.plist.xml; path = Info.plist; sourceTree = "<group>"; };
/* End PBXFileReference section */

/* Begin PBXFrameworksBuildPhase section */
		56591487295DC5B100ECE275 /* Frameworks */ = {
			isa = PBXFrameworksBuildPhase;
			buildActionMask = 2147483647;
			files = (
				56546505295E2864007B3B5D /* RxCocoa in Frameworks */,
				565464F4295E0A2B007B3B5D /* XCoordinator in Frameworks */,
				56546507295E2864007B3B5D /* RxRelay in Frameworks */,
				565464F6295E0A2B007B3B5D /* XCoordinatorRx in Frameworks */,
				565464E3295E098D007B3B5D /* Alamofire in Frameworks */,
				565464E6295E099C007B3B5D /* RxAlamofire in Frameworks */,
				56546509295E2864007B3B5D /* RxSwift in Frameworks */,
				56546503295E2864007B3B5D /* RxBlocking in Frameworks */,
			);
			runOnlyForDeploymentPostprocessing = 0;
		};
/* End PBXFrameworksBuildPhase section */

/* Begin PBXGroup section */
		565464DA295DCE40007B3B5D /* Application */ = {
			isa = PBXGroup;
			children = (
				5659148D295DC5B100ECE275 /* AppDelegate.swift */,
			);
			path = Application;
			sourceTree = "<group>";
		};
		565464DB295DCE47007B3B5D /* Infrastruture */ = {
			isa = PBXGroup;
			children = (
				5654652D295E6C75007B3B5D /* Coredata */,
				565464F7295E0C57007B3B5D /* Network */,
				565464FE295E1133007B3B5D /* Extensions */,
			);
			name = Infrastruture;
			sourceTree = "<group>";
		};
		565464DC295DCE54007B3B5D /* Data */ = {
			isa = PBXGroup;
			children = (
				56546510295E4759007B3B5D /* Repository */,
			);
			path = Data;
			sourceTree = "<group>";
		};
		565464DD295DCE5E007B3B5D /* Domain */ = {
			isa = PBXGroup;
			children = (
				56546514295E4829007B3B5D /* Entity */,
				56546513295E4816007B3B5D /* UseCase */,
			);
			path = Domain;
			sourceTree = "<group>";
		};
		565464DE295DCE64007B3B5D /* Presentation */ = {
			isa = PBXGroup;
			children = (
				5654651F295E49B7007B3B5D /* Shared */,
				56546518295E4911007B3B5D /* UI */,
				56546517295E48F7007B3B5D /* Features */,
			);
			path = Presentation;
			sourceTree = "<group>";
		};
		565464DF295DCE6C007B3B5D /* Resources */ = {
			isa = PBXGroup;
			children = (
				56591499295DC5B300ECE275 /* Assets.xcassets */,
			);
			path = Resources;
			sourceTree = "<group>";
		};
		565464E0295DCE80007B3B5D /* Supporting Files */ = {
			isa = PBXGroup;
			children = (
				5659149B295DC5B300ECE275 /* LaunchScreen.storyboard */,
				5659149E295DC5B300ECE275 /* Info.plist */,
			);
			path = "Supporting Files";
			sourceTree = "<group>";
		};
		565464F7295E0C57007B3B5D /* Network */ = {
			isa = PBXGroup;
			children = (
				56546532295E76D0007B3B5D /* Protocols */,
				5654650F295E4725007B3B5D /* Models */,
				565464F8295E0CE2007B3B5D /* Base */,
				565464F9295E0CE8007B3B5D /* Services */,
			);
			name = Network;
			sourceTree = "<group>";
		};
		565464F8295E0CE2007B3B5D /* Base */ = {
			isa = PBXGroup;
			children = (
				565464FA295E0D2C007B3B5D /* ServiceAPICall.swift */,
				565464FC295E1092007B3B5D /* APIRequest.swift */,
			);
			name = Base;
			sourceTree = "<group>";
		};
		565464F9295E0CE8007B3B5D /* Services */ = {
			isa = PBXGroup;
			children = (
				5654650A295E4363007B3B5D /* ActivityAPIService.swift */,
				56546552295F72DA007B3B5D /* CoreDataAPIService.swift */,
			);
			name = Services;
			sourceTree = "<group>";
		};
		565464FE295E1133007B3B5D /* Extensions */ = {
			isa = PBXGroup;
			children = (
				565464FF295E1156007B3B5D /* Encodable+Misc.swift */,
			);
			name = Extensions;
			sourceTree = "<group>";
		};
		5654650C295E442E007B3B5D /* Response */ = {
			isa = PBXGroup;
			children = (
				5654650D295E4451007B3B5D /* ActivityResponse.swift */,
				56546530295E71FE007B3B5D /* ErrorResponse.swift */,
			);
			name = Response;
			sourceTree = "<group>";
		};
		5654650F295E4725007B3B5D /* Models */ = {
			isa = PBXGroup;
			children = (
				5654650C295E442E007B3B5D /* Response */,
			);
			name = Models;
			sourceTree = "<group>";
		};
		56546510295E4759007B3B5D /* Repository */ = {
			isa = PBXGroup;
			children = (
				56546511295E4779007B3B5D /* ActivityListingRepository.swift */,
				56546550295F72C7007B3B5D /* ActivityDetailRepository.swift */,
			);
			path = Repository;
			sourceTree = "<group>";
		};
		56546513295E4816007B3B5D /* UseCase */ = {
			isa = PBXGroup;
			children = (
				56546515295E489A007B3B5D /* ActivityListingUseCase.swift */,
				56546554295F83B7007B3B5D /* ActivityDetailUseCase.swift */,
			);
			path = UseCase;
			sourceTree = "<group>";
		};
		56546514295E4829007B3B5D /* Entity */ = {
			isa = PBXGroup;
			children = (
				5654652E295E6DB5007B3B5D /* ActivityEntity.swift */,
				5654653D295F0575007B3B5D /* ActivityInfoEntity.swift */,
				5654654C295F6874007B3B5D /* ActivityStatusEntity.swift */,
			);
			path = Entity;
			sourceTree = "<group>";
		};
		56546517295E48F7007B3B5D /* Features */ = {
			isa = PBXGroup;
			children = (
				56546542295F39CC007B3B5D /* ActivityDetail */,
				5654651B295E492E007B3B5D /* ActivityListing */,
			);
			path = Features;
			sourceTree = "<group>";
		};
		56546518295E4911007B3B5D /* UI */ = {
			isa = PBXGroup;
			children = (
				56546519295E4917007B3B5D /* Common */,
			);
			path = UI;
			sourceTree = "<group>";
		};
		56546519295E4917007B3B5D /* Common */ = {
			isa = PBXGroup;
			children = (
				5654651A295E491F007B3B5D /* Views */,
			);
			path = Common;
			sourceTree = "<group>";
		};
		5654651A295E491F007B3B5D /* Views */ = {
			isa = PBXGroup;
			children = (
				56546539295F0360007B3B5D /* ActivityView.swift */,
			);
			path = Views;
			sourceTree = "<group>";
		};
		5654651B295E492E007B3B5D /* ActivityListing */ = {
			isa = PBXGroup;
			children = (
				5654651C295E493A007B3B5D /* Coordinator */,
				5654651E295E4949007B3B5D /* ViewModel */,
				5654651D295E4941007B3B5D /* View */,
			);
			path = ActivityListing;
			sourceTree = "<group>";
		};
		5654651C295E493A007B3B5D /* Coordinator */ = {
			isa = PBXGroup;
			children = (
				56546523295E49DD007B3B5D /* ActivityListingCoordinator.swift */,
			);
			path = Coordinator;
			sourceTree = "<group>";
		};
		5654651D295E4941007B3B5D /* View */ = {
			isa = PBXGroup;
			children = (
				56546527295E49F9007B3B5D /* ActivityListingViewController.swift */,
			);
			path = View;
			sourceTree = "<group>";
		};
		5654651E295E4949007B3B5D /* ViewModel */ = {
			isa = PBXGroup;
			children = (
				56546525295E49EC007B3B5D /* ActivityListingViewModel.swift */,
			);
			path = ViewModel;
			sourceTree = "<group>";
		};
		5654651F295E49B7007B3B5D /* Shared */ = {
			isa = PBXGroup;
			children = (
				5654652A295E6AC7007B3B5D /* Extensions */,
				56546529295E613E007B3B5D /* Protocols */,
				56546520295E49BE007B3B5D /* Navigation */,
			);
			path = Shared;
			sourceTree = "<group>";
		};
		56546520295E49BE007B3B5D /* Navigation */ = {
			isa = PBXGroup;
			children = (
				56546521295E49CA007B3B5D /* AppCoordinator.swift */,
			);
			path = Navigation;
			sourceTree = "<group>";
		};
		56546529295E613E007B3B5D /* Protocols */ = {
			isa = PBXGroup;
			children = (
				56546535295EFDE0007B3B5D /* ViewCode.swift */,
				56546537295F0030007B3B5D /* Apply.swift */,
				5654653B295F03C8007B3B5D /* Configurable.swift */,
			);
			path = Protocols;
			sourceTree = "<group>";
		};
		5654652A295E6AC7007B3B5D /* Extensions */ = {
			isa = PBXGroup;
			children = (
				5654652B295E6AE9007B3B5D /* Rx+Misc.swift */,
				5654653F295F0EE3007B3B5D /* UIView+Misc.swift */,
			);
			path = Extensions;
			sourceTree = "<group>";
		};
		5654652D295E6C75007B3B5D /* Coredata */ = {
			isa = PBXGroup;
			children = (
				56591496295DC5B100ECE275 /* ActivityTip.xcdatamodeld */,
			);
			name = Coredata;
			sourceTree = "<group>";
		};
		56546532295E76D0007B3B5D /* Protocols */ = {
			isa = PBXGroup;
			children = (
				56546533295E7725007B3B5D /* NetworkError.swift */,
			);
			name = Protocols;
			sourceTree = "<group>";
		};
		56546542295F39CC007B3B5D /* ActivityDetail */ = {
			isa = PBXGroup;
			children = (
				56546544295F3A00007B3B5D /* ViewModel */,
				56546545295F3A0D007B3B5D /* View */,
			);
			path = ActivityDetail;
			sourceTree = "<group>";
		};
		56546544295F3A00007B3B5D /* ViewModel */ = {
			isa = PBXGroup;
			children = (
				56546548295F3A32007B3B5D /* ActivityDetailViewModel.swift */,
			);
			path = ViewModel;
			sourceTree = "<group>";
		};
		56546545295F3A0D007B3B5D /* View */ = {
			isa = PBXGroup;
			children = (
				5654654A295F3A41007B3B5D /* ActivityDetailViewController.swift */,
			);
			path = View;
			sourceTree = "<group>";
		};
		56591481295DC5B100ECE275 = {
			isa = PBXGroup;
			children = (
				5659148C295DC5B100ECE275 /* ActivityTip */,
				5659148B295DC5B100ECE275 /* Products */,
			);
			sourceTree = "<group>";
		};
		5659148B295DC5B100ECE275 /* Products */ = {
			isa = PBXGroup;
			children = (
				5659148A295DC5B100ECE275 /* ActivityTip.app */,
			);
			name = Products;
			sourceTree = "<group>";
		};
		5659148C295DC5B100ECE275 /* ActivityTip */ = {
			isa = PBXGroup;
			children = (
				565464DA295DCE40007B3B5D /* Application */,
				565464DB295DCE47007B3B5D /* Infrastruture */,
				565464DC295DCE54007B3B5D /* Data */,
				565464DD295DCE5E007B3B5D /* Domain */,
				565464DE295DCE64007B3B5D /* Presentation */,
				565464DF295DCE6C007B3B5D /* Resources */,
				565464E0295DCE80007B3B5D /* Supporting Files */,
			);
			path = ActivityTip;
			sourceTree = "<group>";
		};
/* End PBXGroup section */

/* Begin PBXNativeTarget section */
		56591489295DC5B100ECE275 /* ActivityTip */ = {
			isa = PBXNativeTarget;
			buildConfigurationList = 565914A1295DC5B300ECE275 /* Build configuration list for PBXNativeTarget "ActivityTip" */;
			buildPhases = (
				56591486295DC5B100ECE275 /* Sources */,
				56591487295DC5B100ECE275 /* Frameworks */,
				56591488295DC5B100ECE275 /* Resources */,
			);
			buildRules = (
			);
			dependencies = (
			);
			name = ActivityTip;
			packageProductDependencies = (
				565464E2295E098D007B3B5D /* Alamofire */,
				565464E5295E099C007B3B5D /* RxAlamofire */,
				565464F3295E0A2B007B3B5D /* XCoordinator */,
				565464F5295E0A2B007B3B5D /* XCoordinatorRx */,
				56546502295E2864007B3B5D /* RxBlocking */,
				56546504295E2864007B3B5D /* RxCocoa */,
				56546506295E2864007B3B5D /* RxRelay */,
				56546508295E2864007B3B5D /* RxSwift */,
			);
			productName = ActivityTip;
			productReference = 5659148A295DC5B100ECE275 /* ActivityTip.app */;
			productType = "com.apple.product-type.application";
		};
/* End PBXNativeTarget section */

/* Begin PBXProject section */
		56591482295DC5B100ECE275 /* Project object */ = {
			isa = PBXProject;
			attributes = {
				BuildIndependentTargetsInParallel = 1;
				LastSwiftUpdateCheck = 1420;
				LastUpgradeCheck = 1420;
				TargetAttributes = {
					56591489295DC5B100ECE275 = {
						CreatedOnToolsVersion = 14.2;
					};
				};
			};
			buildConfigurationList = 56591485295DC5B100ECE275 /* Build configuration list for PBXProject "ActivityTip" */;
			compatibilityVersion = "Xcode 14.0";
			developmentRegion = en;
			hasScannedForEncodings = 0;
			knownRegions = (
				en,
				Base,
			);
			mainGroup = 56591481295DC5B100ECE275;
			packageReferences = (
				565464E1295E098D007B3B5D /* XCRemoteSwiftPackageReference "Alamofire" */,
				565464E4295E099C007B3B5D /* XCRemoteSwiftPackageReference "RxAlamofire" */,
				565464F2295E0A2B007B3B5D /* XCRemoteSwiftPackageReference "XCoordinator" */,
				56546501295E2864007B3B5D /* XCRemoteSwiftPackageReference "RxSwift" */,
			);
			productRefGroup = 5659148B295DC5B100ECE275 /* Products */;
			projectDirPath = "";
			projectRoot = "";
			targets = (
				56591489295DC5B100ECE275 /* ActivityTip */,
			);
		};
/* End PBXProject section */

/* Begin PBXResourcesBuildPhase section */
		56591488295DC5B100ECE275 /* Resources */ = {
			isa = PBXResourcesBuildPhase;
			buildActionMask = 2147483647;
			files = (
				5659149D295DC5B300ECE275 /* LaunchScreen.storyboard in Resources */,
				5659149A295DC5B300ECE275 /* Assets.xcassets in Resources */,
			);
			runOnlyForDeploymentPostprocessing = 0;
		};
/* End PBXResourcesBuildPhase section */

/* Begin PBXSourcesBuildPhase section */
		56591486295DC5B100ECE275 /* Sources */ = {
			isa = PBXSourcesBuildPhase;
			buildActionMask = 2147483647;
			files = (
				56546534295E7725007B3B5D /* NetworkError.swift in Sources */,
				5654654D295F6874007B3B5D /* ActivityStatusEntity.swift in Sources */,
				5659148E295DC5B100ECE275 /* AppDelegate.swift in Sources */,
				56546540295F0EE3007B3B5D /* UIView+Misc.swift in Sources */,
				565464FB295E0D2C007B3B5D /* ServiceAPICall.swift in Sources */,
				56546541295F294C007B3B5D /* ActivityListingViewModel.swift in Sources */,
				5654653C295F03C8007B3B5D /* Configurable.swift in Sources */,
				56546522295E49CA007B3B5D /* AppCoordinator.swift in Sources */,
				56546524295E49DD007B3B5D /* ActivityListingCoordinator.swift in Sources */,
				56546551295F72C7007B3B5D /* ActivityDetailRepository.swift in Sources */,
				56546512295E4779007B3B5D /* ActivityListingRepository.swift in Sources */,
				5654650B295E4363007B3B5D /* ActivityAPIService.swift in Sources */,
				5654654B295F3A41007B3B5D /* ActivityDetailViewController.swift in Sources */,
				5654652F295E6DB5007B3B5D /* ActivityEntity.swift in Sources */,
				56546531295E71FE007B3B5D /* ErrorResponse.swift in Sources */,
				56546549295F3A32007B3B5D /* ActivityDetailViewModel.swift in Sources */,
				56546500295E1156007B3B5D /* Encodable+Misc.swift in Sources */,
				56546528295E49F9007B3B5D /* ActivityListingViewController.swift in Sources */,
				56546536295EFDE0007B3B5D /* ViewCode.swift in Sources */,
				5654650E295E4451007B3B5D /* ActivityResponse.swift in Sources */,
				56546555295F83B7007B3B5D /* ActivityDetailUseCase.swift in Sources */,
				5654653A295F0360007B3B5D /* ActivityView.swift in Sources */,
				56546516295E489A007B3B5D /* ActivityListingUseCase.swift in Sources */,
				5654653E295F0575007B3B5D /* ActivityInfoEntity.swift in Sources */,
				565464FD295E1092007B3B5D /* APIRequest.swift in Sources */,
				56591498295DC5B100ECE275 /* ActivityTip.xcdatamodeld in Sources */,
				5654652C295E6AE9007B3B5D /* Rx+Misc.swift in Sources */,
				56546538295F0030007B3B5D /* Apply.swift in Sources */,
				56546553295F72DA007B3B5D /* CoreDataAPIService.swift in Sources */,
			);
			runOnlyForDeploymentPostprocessing = 0;
		};
/* End PBXSourcesBuildPhase section */

/* Begin PBXVariantGroup section */
		5659149B295DC5B300ECE275 /* LaunchScreen.storyboard */ = {
			isa = PBXVariantGroup;
			children = (
				5659149C295DC5B300ECE275 /* Base */,
			);
			name = LaunchScreen.storyboard;
			sourceTree = "<group>";
		};
/* End PBXVariantGroup section */

/* Begin XCBuildConfiguration section */
		5659149F295DC5B300ECE275 /* Debug */ = {
			isa = XCBuildConfiguration;
			buildSettings = {
				ALWAYS_SEARCH_USER_PATHS = NO;
				CLANG_ANALYZER_NONNULL = YES;
				CLANG_ANALYZER_NUMBER_OBJECT_CONVERSION = YES_AGGRESSIVE;
				CLANG_CXX_LANGUAGE_STANDARD = "gnu++20";
				CLANG_ENABLE_MODULES = YES;
				CLANG_ENABLE_OBJC_ARC = YES;
				CLANG_ENABLE_OBJC_WEAK = YES;
				CLANG_WARN_BLOCK_CAPTURE_AUTORELEASING = YES;
				CLANG_WARN_BOOL_CONVERSION = YES;
				CLANG_WARN_COMMA = YES;
				CLANG_WARN_CONSTANT_CONVERSION = YES;
				CLANG_WARN_DEPRECATED_OBJC_IMPLEMENTATIONS = YES;
				CLANG_WARN_DIRECT_OBJC_ISA_USAGE = YES_ERROR;
				CLANG_WARN_DOCUMENTATION_COMMENTS = YES;
				CLANG_WARN_EMPTY_BODY = YES;
				CLANG_WARN_ENUM_CONVERSION = YES;
				CLANG_WARN_INFINITE_RECURSION = YES;
				CLANG_WARN_INT_CONVERSION = YES;
				CLANG_WARN_NON_LITERAL_NULL_CONVERSION = YES;
				CLANG_WARN_OBJC_IMPLICIT_RETAIN_SELF = YES;
				CLANG_WARN_OBJC_LITERAL_CONVERSION = YES;
				CLANG_WARN_OBJC_ROOT_CLASS = YES_ERROR;
				CLANG_WARN_QUOTED_INCLUDE_IN_FRAMEWORK_HEADER = YES;
				CLANG_WARN_RANGE_LOOP_ANALYSIS = YES;
				CLANG_WARN_STRICT_PROTOTYPES = YES;
				CLANG_WARN_SUSPICIOUS_MOVE = YES;
				CLANG_WARN_UNGUARDED_AVAILABILITY = YES_AGGRESSIVE;
				CLANG_WARN_UNREACHABLE_CODE = YES;
				CLANG_WARN__DUPLICATE_METHOD_MATCH = YES;
				COPY_PHASE_STRIP = NO;
				DEBUG_INFORMATION_FORMAT = dwarf;
				ENABLE_STRICT_OBJC_MSGSEND = YES;
				ENABLE_TESTABILITY = YES;
				GCC_C_LANGUAGE_STANDARD = gnu11;
				GCC_DYNAMIC_NO_PIC = NO;
				GCC_NO_COMMON_BLOCKS = YES;
				GCC_OPTIMIZATION_LEVEL = 0;
				GCC_PREPROCESSOR_DEFINITIONS = (
					"DEBUG=1",
					"$(inherited)",
				);
				GCC_WARN_64_TO_32_BIT_CONVERSION = YES;
				GCC_WARN_ABOUT_RETURN_TYPE = YES_ERROR;
				GCC_WARN_UNDECLARED_SELECTOR = YES;
				GCC_WARN_UNINITIALIZED_AUTOS = YES_AGGRESSIVE;
				GCC_WARN_UNUSED_FUNCTION = YES;
				GCC_WARN_UNUSED_VARIABLE = YES;
				IPHONEOS_DEPLOYMENT_TARGET = 16.2;
				MTL_ENABLE_DEBUG_INFO = INCLUDE_SOURCE;
				MTL_FAST_MATH = YES;
				ONLY_ACTIVE_ARCH = YES;
				SDKROOT = iphoneos;
				SWIFT_ACTIVE_COMPILATION_CONDITIONS = DEBUG;
				SWIFT_OPTIMIZATION_LEVEL = "-Onone";
			};
			name = Debug;
		};
		565914A0295DC5B300ECE275 /* Release */ = {
			isa = XCBuildConfiguration;
			buildSettings = {
				ALWAYS_SEARCH_USER_PATHS = NO;
				CLANG_ANALYZER_NONNULL = YES;
				CLANG_ANALYZER_NUMBER_OBJECT_CONVERSION = YES_AGGRESSIVE;
				CLANG_CXX_LANGUAGE_STANDARD = "gnu++20";
				CLANG_ENABLE_MODULES = YES;
				CLANG_ENABLE_OBJC_ARC = YES;
				CLANG_ENABLE_OBJC_WEAK = YES;
				CLANG_WARN_BLOCK_CAPTURE_AUTORELEASING = YES;
				CLANG_WARN_BOOL_CONVERSION = YES;
				CLANG_WARN_COMMA = YES;
				CLANG_WARN_CONSTANT_CONVERSION = YES;
				CLANG_WARN_DEPRECATED_OBJC_IMPLEMENTATIONS = YES;
				CLANG_WARN_DIRECT_OBJC_ISA_USAGE = YES_ERROR;
				CLANG_WARN_DOCUMENTATION_COMMENTS = YES;
				CLANG_WARN_EMPTY_BODY = YES;
				CLANG_WARN_ENUM_CONVERSION = YES;
				CLANG_WARN_INFINITE_RECURSION = YES;
				CLANG_WARN_INT_CONVERSION = YES;
				CLANG_WARN_NON_LITERAL_NULL_CONVERSION = YES;
				CLANG_WARN_OBJC_IMPLICIT_RETAIN_SELF = YES;
				CLANG_WARN_OBJC_LITERAL_CONVERSION = YES;
				CLANG_WARN_OBJC_ROOT_CLASS = YES_ERROR;
				CLANG_WARN_QUOTED_INCLUDE_IN_FRAMEWORK_HEADER = YES;
				CLANG_WARN_RANGE_LOOP_ANALYSIS = YES;
				CLANG_WARN_STRICT_PROTOTYPES = YES;
				CLANG_WARN_SUSPICIOUS_MOVE = YES;
				CLANG_WARN_UNGUARDED_AVAILABILITY = YES_AGGRESSIVE;
				CLANG_WARN_UNREACHABLE_CODE = YES;
				CLANG_WARN__DUPLICATE_METHOD_MATCH = YES;
				COPY_PHASE_STRIP = NO;
				DEBUG_INFORMATION_FORMAT = "dwarf-with-dsym";
				ENABLE_NS_ASSERTIONS = NO;
				ENABLE_STRICT_OBJC_MSGSEND = YES;
				GCC_C_LANGUAGE_STANDARD = gnu11;
				GCC_NO_COMMON_BLOCKS = YES;
				GCC_WARN_64_TO_32_BIT_CONVERSION = YES;
				GCC_WARN_ABOUT_RETURN_TYPE = YES_ERROR;
				GCC_WARN_UNDECLARED_SELECTOR = YES;
				GCC_WARN_UNINITIALIZED_AUTOS = YES_AGGRESSIVE;
				GCC_WARN_UNUSED_FUNCTION = YES;
				GCC_WARN_UNUSED_VARIABLE = YES;
				IPHONEOS_DEPLOYMENT_TARGET = 16.2;
				MTL_ENABLE_DEBUG_INFO = NO;
				MTL_FAST_MATH = YES;
				SDKROOT = iphoneos;
				SWIFT_COMPILATION_MODE = wholemodule;
				SWIFT_OPTIMIZATION_LEVEL = "-O";
				VALIDATE_PRODUCT = YES;
			};
			name = Release;
		};
		565914A2295DC5B300ECE275 /* Debug */ = {
			isa = XCBuildConfiguration;
			buildSettings = {
				ASSETCATALOG_COMPILER_APPICON_NAME = AppIcon;
				ASSETCATALOG_COMPILER_GLOBAL_ACCENT_COLOR_NAME = AccentColor;
				CODE_SIGN_STYLE = Automatic;
				CURRENT_PROJECT_VERSION = 1;
				DEVELOPMENT_TEAM = K992HP865M;
				GENERATE_INFOPLIST_FILE = YES;
				INFOPLIST_FILE = "ActivityTip/Supporting Files/Info.plist";
				INFOPLIST_KEY_UIApplicationSupportsIndirectInputEvents = YES;
				INFOPLIST_KEY_UILaunchStoryboardName = LaunchScreen;
				INFOPLIST_KEY_UIMainStoryboardFile = "";
				INFOPLIST_KEY_UISupportedInterfaceOrientations_iPad = "UIInterfaceOrientationPortrait UIInterfaceOrientationPortraitUpsideDown UIInterfaceOrientationLandscapeLeft UIInterfaceOrientationLandscapeRight";
				INFOPLIST_KEY_UISupportedInterfaceOrientations_iPhone = "UIInterfaceOrientationPortrait UIInterfaceOrientationLandscapeLeft UIInterfaceOrientationLandscapeRight";
				LD_RUNPATH_SEARCH_PATHS = (
					"$(inherited)",
					"@executable_path/Frameworks",
				);
				MARKETING_VERSION = 1.0;
				PRODUCT_BUNDLE_IDENTIFIER = com.ruyther.ActivityTip;
				PRODUCT_NAME = "$(TARGET_NAME)";
				SWIFT_EMIT_LOC_STRINGS = YES;
				SWIFT_VERSION = 5.0;
				TARGETED_DEVICE_FAMILY = "1,2";
			};
			name = Debug;
		};
		565914A3295DC5B300ECE275 /* Release */ = {
			isa = XCBuildConfiguration;
			buildSettings = {
				ASSETCATALOG_COMPILER_APPICON_NAME = AppIcon;
				ASSETCATALOG_COMPILER_GLOBAL_ACCENT_COLOR_NAME = AccentColor;
				CODE_SIGN_STYLE = Automatic;
				CURRENT_PROJECT_VERSION = 1;
				DEVELOPMENT_TEAM = K992HP865M;
				GENERATE_INFOPLIST_FILE = YES;
				INFOPLIST_FILE = "ActivityTip/Supporting Files/Info.plist";
				INFOPLIST_KEY_UIApplicationSupportsIndirectInputEvents = YES;
				INFOPLIST_KEY_UILaunchStoryboardName = LaunchScreen;
				INFOPLIST_KEY_UIMainStoryboardFile = "";
				INFOPLIST_KEY_UISupportedInterfaceOrientations_iPad = "UIInterfaceOrientationPortrait UIInterfaceOrientationPortraitUpsideDown UIInterfaceOrientationLandscapeLeft UIInterfaceOrientationLandscapeRight";
				INFOPLIST_KEY_UISupportedInterfaceOrientations_iPhone = "UIInterfaceOrientationPortrait UIInterfaceOrientationLandscapeLeft UIInterfaceOrientationLandscapeRight";
				LD_RUNPATH_SEARCH_PATHS = (
					"$(inherited)",
					"@executable_path/Frameworks",
				);
				MARKETING_VERSION = 1.0;
				PRODUCT_BUNDLE_IDENTIFIER = com.ruyther.ActivityTip;
				PRODUCT_NAME = "$(TARGET_NAME)";
				SWIFT_EMIT_LOC_STRINGS = YES;
				SWIFT_VERSION = 5.0;
				TARGETED_DEVICE_FAMILY = "1,2";
			};
			name = Release;
		};
/* End XCBuildConfiguration section */

/* Begin XCConfigurationList section */
		56591485295DC5B100ECE275 /* Build configuration list for PBXProject "ActivityTip" */ = {
			isa = XCConfigurationList;
			buildConfigurations = (
				5659149F295DC5B300ECE275 /* Debug */,
				565914A0295DC5B300ECE275 /* Release */,
			);
			defaultConfigurationIsVisible = 0;
			defaultConfigurationName = Release;
		};
		565914A1295DC5B300ECE275 /* Build configuration list for PBXNativeTarget "ActivityTip" */ = {
			isa = XCConfigurationList;
			buildConfigurations = (
				565914A2295DC5B300ECE275 /* Debug */,
				565914A3295DC5B300ECE275 /* Release */,
			);
			defaultConfigurationIsVisible = 0;
			defaultConfigurationName = Release;
		};
/* End XCConfigurationList section */

/* Begin XCRemoteSwiftPackageReference section */
		565464E1295E098D007B3B5D /* XCRemoteSwiftPackageReference "Alamofire" */ = {
			isa = XCRemoteSwiftPackageReference;
			repositoryURL = "https://github.com/Alamofire/Alamofire.git";
			requirement = {
				branch = master;
				kind = branch;
			};
		};
		565464E4295E099C007B3B5D /* XCRemoteSwiftPackageReference "RxAlamofire" */ = {
			isa = XCRemoteSwiftPackageReference;
			repositoryURL = "https://github.com/RxSwiftCommunity/RxAlamofire.git";
			requirement = {
				branch = main;
				kind = branch;
			};
		};
		565464F2295E0A2B007B3B5D /* XCRemoteSwiftPackageReference "XCoordinator" */ = {
			isa = XCRemoteSwiftPackageReference;
			repositoryURL = "https://github.com/quickbirdstudios/XCoordinator.git";
			requirement = {
				branch = master;
				kind = branch;
			};
		};
		56546501295E2864007B3B5D /* XCRemoteSwiftPackageReference "RxSwift" */ = {
			isa = XCRemoteSwiftPackageReference;
			repositoryURL = "https://github.com/ReactiveX/RxSwift";
			requirement = {
				branch = main;
				kind = branch;
			};
		};
/* End XCRemoteSwiftPackageReference section */

/* Begin XCSwiftPackageProductDependency section */
		565464E2295E098D007B3B5D /* Alamofire */ = {
			isa = XCSwiftPackageProductDependency;
			package = 565464E1295E098D007B3B5D /* XCRemoteSwiftPackageReference "Alamofire" */;
			productName = Alamofire;
		};
		565464E5295E099C007B3B5D /* RxAlamofire */ = {
			isa = XCSwiftPackageProductDependency;
			package = 565464E4295E099C007B3B5D /* XCRemoteSwiftPackageReference "RxAlamofire" */;
			productName = RxAlamofire;
		};
		565464F3295E0A2B007B3B5D /* XCoordinator */ = {
			isa = XCSwiftPackageProductDependency;
			package = 565464F2295E0A2B007B3B5D /* XCRemoteSwiftPackageReference "XCoordinator" */;
			productName = XCoordinator;
		};
		565464F5295E0A2B007B3B5D /* XCoordinatorRx */ = {
			isa = XCSwiftPackageProductDependency;
			package = 565464F2295E0A2B007B3B5D /* XCRemoteSwiftPackageReference "XCoordinator" */;
			productName = XCoordinatorRx;
		};
		56546502295E2864007B3B5D /* RxBlocking */ = {
			isa = XCSwiftPackageProductDependency;
			package = 56546501295E2864007B3B5D /* XCRemoteSwiftPackageReference "RxSwift" */;
			productName = RxBlocking;
		};
		56546504295E2864007B3B5D /* RxCocoa */ = {
			isa = XCSwiftPackageProductDependency;
			package = 56546501295E2864007B3B5D /* XCRemoteSwiftPackageReference "RxSwift" */;
			productName = RxCocoa;
		};
		56546506295E2864007B3B5D /* RxRelay */ = {
			isa = XCSwiftPackageProductDependency;
			package = 56546501295E2864007B3B5D /* XCRemoteSwiftPackageReference "RxSwift" */;
			productName = RxRelay;
		};
		56546508295E2864007B3B5D /* RxSwift */ = {
			isa = XCSwiftPackageProductDependency;
			package = 56546501295E2864007B3B5D /* XCRemoteSwiftPackageReference "RxSwift" */;
			productName = RxSwift;
		};
/* End XCSwiftPackageProductDependency section */

/* Begin XCVersionGroup section */
		56591496295DC5B100ECE275 /* ActivityTip.xcdatamodeld */ = {
			isa = XCVersionGroup;
			children = (
				56591497295DC5B100ECE275 /* ActivityTip.xcdatamodel */,
			);
			currentVersion = 56591497295DC5B100ECE275 /* ActivityTip.xcdatamodel */;
			path = ActivityTip.xcdatamodeld;
			sourceTree = "<group>";
			versionGroupType = wrapper.xcdatamodel;
		};
/* End XCVersionGroup section */
	};
	rootObject = 56591482295DC5B100ECE275 /* Project object */;
}
